
Microsoft Visual Studio Solution File, Format Version 12.00
Project("{FAE04EC0-301F-11D3-BF4B-00C04F79EFBC}") = "API", "API\API.csproj", "{13AFD8CA-56D3-4B5F-BDEE-836B47B09509}"
EndProject
Project("{FAE04EC0-301F-11D3-BF4B-00C04F79EFBC}") = "Models", "Models\Models.csproj", "{9A86D194-8467-46F3-978C-37B48DA233D6}"
EndProject
Project("{FAE04EC0-301F-11D3-BF4B-00C04F79EFBC}") = "ClientModels", "ClientModels\ClientModels.csproj", "{AE444D77-9F91-415B-9CF8-404B3EF4B1A6}"
EndProject
Project("{FAE04EC0-301F-11D3-BF4B-00C04F79EFBC}") = "ModelConverters", "ModelConverters\ModelConverters.csproj", "{1493D3FA-0901-4493-971F-0572171BA798}"
EndProject
Global
	GlobalSection(SolutionConfigurationPlatforms) = preSolution
		Debug|Any CPU = Debug|Any CPU
		Release|Any CPU = Release|Any CPU
	EndGlobalSection
	GlobalSection(ProjectConfigurationPlatforms) = postSolution
		{13AFD8CA-56D3-4B5F-BDEE-836B47B09509}.Debug|Any CPU.ActiveCfg = Debug|Any CPU
		{13AFD8CA-56D3-4B5F-BDEE-836B47B09509}.Debug|Any CPU.Build.0 = Debug|Any CPU
		{13AFD8CA-56D3-4B5F-BDEE-836B47B09509}.Release|Any CPU.ActiveCfg = Release|Any CPU
		{13AFD8CA-56D3-4B5F-BDEE-836B47B09509}.Release|Any CPU.Build.0 = Release|Any CPU
		{9A86D194-8467-46F3-978C-37B48DA233D6}.Debug|Any CPU.ActiveCfg = Debug|Any CPU
		{9A86D194-8467-46F3-978C-37B48DA233D6}.Debug|Any CPU.Build.0 = Debug|Any CPU
		{9A86D194-8467-46F3-978C-37B48DA233D6}.Release|Any CPU.ActiveCfg = Release|Any CPU
		{9A86D194-8467-46F3-978C-37B48DA233D6}.Release|Any CPU.Build.0 = Release|Any CPU
		{AE444D77-9F91-415B-9CF8-404B3EF4B1A6}.Debug|Any CPU.ActiveCfg = Debug|Any CPU
		{AE444D77-9F91-415B-9CF8-404B3EF4B1A6}.Debug|Any CPU.Build.0 = Debug|Any CPU
		{AE444D77-9F91-415B-9CF8-404B3EF4B1A6}.Release|Any CPU.ActiveCfg = Release|Any CPU
		{AE444D77-9F91-415B-9CF8-404B3EF4B1A6}.Release|Any CPU.Build.0 = Release|Any CPU
		{1493D3FA-0901-4493-971F-0572171BA798}.Debug|Any CPU.ActiveCfg = Debug|Any CPU
		{1493D3FA-0901-4493-971F-0572171BA798}.Debug|Any CPU.Build.0 = Debug|Any CPU
		{1493D3FA-0901-4493-971F-0572171BA798}.Release|Any CPU.ActiveCfg = Release|Any CPU
		{1493D3FA-0901-4493-971F-0572171BA798}.Release|Any CPU.Build.0 = Release|Any CPU
	EndGlobalSection
EndGlobal
